Microsoft Visual Studio Solution File, Format Version 12.00
# Visual Studio Version 17
VisualStudioVersion = 17.5.2.0
MinimumVisualStudioVersion = 10.0.40219.1
Project("{2150E333-8FDC-42A3-9474-1A3956D46DE8}") = "API_CS", "API_CS", "{253DA6E2-5828-76A0-53EC-8146EDCFF616}"
EndProject
Project("{FAE04EC0-301F-11D3-BF4B-00C04F79EFBC}") = "API", "API_CS\API.csproj", "{C29E8BF8-C5D7-8E26-C799-24186F65D3A2}"
EndProject
Global
	GlobalSection(SolutionConfigurationPlatforms) = preSolution
		Debug|Any CPU = Debug|Any CPU
		Release|Any CPU = Release|Any CPU
	EndGlobalSection
	GlobalSection(ProjectConfigurationPlatforms) = postSolution
		{C29E8BF8-C5D7-8E26-C799-24186F65D3A2}.Debug|Any CPU.ActiveCfg = Debug|Any CPU
		{C29E8BF8-C5D7-8E26-C799-24186F65D3A2}.Debug|Any CPU.Build.0 = Debug|Any CPU
		{C29E8BF8-C5D7-8E26-C799-24186F65D3A2}.Release|Any CPU.ActiveCfg = Release|Any CPU
		{C29E8BF8-C5D7-8E26-C799-24186F65D3A2}.Release|Any CPU.Build.0 = Release|Any CPU
	EndGlobalSection
	GlobalSection(SolutionProperties) = preSolution
		HideSolutionNode = FALSE
	EndGlobalSection
	GlobalSection(NestedProjects) = preSolution
		{C29E8BF8-C5D7-8E26-C799-24186F65D3A2} = {253DA6E2-5828-76A0-53EC-8146EDCFF616}
	EndGlobalSection
	GlobalSection(ExtensibilityGlobals) = postSolution
		SolutionGuid = {F4E77211-33AA-4FFE-A91C-BED51784F5A4}
	EndGlobalSection
EndGlobal
